
Microsoft Visual Studio Solution File, Format Version 12.00
# Visual Studio Version 16
VisualStudioVersion = 16.0.30413.136
MinimumVisualStudioVersion = 10.0.40219.1
Project("{FAE04EC0-301F-11D3-BF4B-00C04F79EFBC}") = "XMLlinq", "XMLlinq\XMLlinq.csproj", "{C45625CB-665E-4918-A949-472EBF06A846}"
EndProject
Global
	GlobalSection(SolutionConfigurationPlatforms) = preSolution
		Debug|Any CPU = Debug|Any CPU
		Release|Any CPU = Release|Any CPU
	EndGlobalSection
	GlobalSection(ProjectConfigurationPlatforms) = postSolution
		{C45625CB-665E-4918-A949-472EBF06A846}.Debug|Any CPU.ActiveCfg = Debug|Any CPU
		{C45625CB-665E-4918-A949-472EBF06A846}.Debug|Any CPU.Build.0 = Debug|Any CPU
		{C45625CB-665E-4918-A949-472EBF06A846}.Release|Any CPU.ActiveCfg = Release|Any CPU
		{C45625CB-665E-4918-A949-472EBF06A846}.Release|Any CPU.Build.0 = Release|Any CPU
	EndGlobalSection
	GlobalSection(SolutionProperties) = preSolution
		HideSolutionNode = FALSE
	EndGlobalSection
	GlobalSection(ExtensibilityGlobals) = postSolution
		SolutionGuid = {CC04DD39-F295-4744-A53A-396A7AD5EC11}
	EndGlobalSection
EndGlobal
